
Microsoft Visual Studio Solution File, Format Version 12.00
# Visual Studio Version 17
VisualStudioVersion = 17.2.32526.322
MinimumVisualStudioVersion = 10.0.40219.1
Project("{FAE04EC0-301F-11D3-BF4B-00C04F79EFBC}") = "Lab 2(2)", "Lab 2(2)\Lab 2(2).csproj", "{F894DD39-708A-4E28-A650-4F17B81F8BA9}"
EndProject
Global
	GlobalSection(SolutionConfigurationPlatforms) = preSolution
		Debug|Any CPU = Debug|Any CPU
		Release|Any CPU = Release|Any CPU
	EndGlobalSection
	GlobalSection(ProjectConfigurationPlatforms) = postSolution
		{F894DD39-708A-4E28-A650-4F17B81F8BA9}.Debug|Any CPU.ActiveCfg = Debug|Any CPU
		{F894DD39-708A-4E28-A650-4F17B81F8BA9}.Debug|Any CPU.Build.0 = Debug|Any CPU
		{F894DD39-708A-4E28-A650-4F17B81F8BA9}.Release|Any CPU.ActiveCfg = Release|Any CPU
		{F894DD39-708A-4E28-A650-4F17B81F8BA9}.Release|Any CPU.Build.0 = Release|Any CPU
	EndGlobalSection
	GlobalSection(SolutionProperties) = preSolution
		HideSolutionNode = FALSE
	EndGlobalSection
	GlobalSection(ExtensibilityGlobals) = postSolution
		SolutionGuid = {6929AC0E-EC5F-4460-BFDB-D0A57C7378E0}
	EndGlobalSection
EndGlobal
